
Microsoft Visual Studio Solution File, Format Version 12.00
# Visual Studio Version 17
VisualStudioVersion = 17.4.33213.308
MinimumVisualStudioVersion = 10.0.40219.1
Project("{9A19103F-16F7-4668-BE54-9A1E7A4F7556}") = "MagicVilla_Api", "MagicVilla_Api\MagicVilla_Api.csproj", "{C27F15E6-8AC9-4CCF-9749-A44630F5A9DD}"
EndProject
Project("{FAE04EC0-301F-11D3-BF4B-00C04F79EFBC}") = "MagicVilla_Web", "MagicVilla_Web\MagicVilla_Web.csproj", "{A4A461CD-1740-45C9-A004-52888D887B17}"
EndProject
Project("{FAE04EC0-301F-11D3-BF4B-00C04F79EFBC}") = "MagicVilla_Utility", "MagicVilla_Utility\MagicVilla_Utility.csproj", "{D24EA387-87FB-437D-BBED-87F055AD8CD0}"
EndProject
Global
	GlobalSection(SolutionConfigurationPlatforms) = preSolution
		Debug|Any CPU = Debug|Any CPU
		Release|Any CPU = Release|Any CPU
	EndGlobalSection
	GlobalSection(ProjectConfigurationPlatforms) = postSolution
		{C27F15E6-8AC9-4CCF-9749-A44630F5A9DD}.Debug|Any CPU.ActiveCfg = Debug|Any CPU
		{C27F15E6-8AC9-4CCF-9749-A44630F5A9DD}.Debug|Any CPU.Build.0 = Debug|Any CPU
		{C27F15E6-8AC9-4CCF-9749-A44630F5A9DD}.Release|Any CPU.ActiveCfg = Release|Any CPU
		{C27F15E6-8AC9-4CCF-9749-A44630F5A9DD}.Release|Any CPU.Build.0 = Release|Any CPU
		{A4A461CD-1740-45C9-A004-52888D887B17}.Debug|Any CPU.ActiveCfg = Debug|Any CPU
		{A4A461CD-1740-45C9-A004-52888D887B17}.Debug|Any CPU.Build.0 = Debug|Any CPU
		{A4A461CD-1740-45C9-A004-52888D887B17}.Release|Any CPU.ActiveCfg = Release|Any CPU
		{A4A461CD-1740-45C9-A004-52888D887B17}.Release|Any CPU.Build.0 = Release|Any CPU
		{D24EA387-87FB-437D-BBED-87F055AD8CD0}.Debug|Any CPU.ActiveCfg = Debug|Any CPU
		{D24EA387-87FB-437D-BBED-87F055AD8CD0}.Debug|Any CPU.Build.0 = Debug|Any CPU
		{D24EA387-87FB-437D-BBED-87F055AD8CD0}.Release|Any CPU.ActiveCfg = Release|Any CPU
		{D24EA387-87FB-437D-BBED-87F055AD8CD0}.Release|Any CPU.Build.0 = Release|Any CPU
	EndGlobalSection
	GlobalSection(SolutionProperties) = preSolution
		HideSolutionNode = FALSE
	EndGlobalSection
	GlobalSection(ExtensibilityGlobals) = postSolution
		SolutionGuid = {5DB73006-395C-46C3-B1D9-D361BA6497E9}
	EndGlobalSection
EndGlobal
